// !$*UTF8*$!
{
	archiveVersion = 1;
	classes = {
	};
	objectVersion = 55;
	objects = {

/* Begin PBXBuildFile section */
		964E98902A48925E007AFB4A /* sokoban_in_swiftuiApp.swift in Sources */ = {isa = PBXBuildFile; fileRef = 964E988F2A48925E007AFB4A /* sokoban_in_swiftuiApp.swift */; };
		964E98922A48925E007AFB4A /* ContentView.swift in Sources */ = {isa = PBXBuildFile; fileRef = 964E98912A48925E007AFB4A /* ContentView.swift */; };
		964E98942A489260007AFB4A /* Assets.xcassets in Resources */ = {isa = PBXBuildFile; fileRef = 964E98932A489260007AFB4A /* Assets.xcassets */; };
		964E98972A489260007AFB4A /* Preview Assets.xcassets in Resources */ = {isa = PBXBuildFile; fileRef = 964E98962A489260007AFB4A /* Preview Assets.xcassets */; };
		964E989E2A4896EE007AFB4A /* Menu.swift in Sources */ = {isa = PBXBuildFile; fileRef = 964E989D2A4896EE007AFB4A /* Menu.swift */; };
		964E98A02A49BCDD007AFB4A /* Level.swift in Sources */ = {isa = PBXBuildFile; fileRef = 964E989F2A49BCDD007AFB4A /* Level.swift */; };
		964E98A22A49E352007AFB4A /* FieldViews.swift in Sources */ = {isa = PBXBuildFile; fileRef = 964E98A12A49E352007AFB4A /* FieldViews.swift */; };
		964E98A42A4CAA98007AFB4A /* loadLevel.swift in Sources */ = {isa = PBXBuildFile; fileRef = 964E98A32A4CAA98007AFB4A /* loadLevel.swift */; };
		964E98A62A4CAAD8007AFB4A /* LevelData.swift in Sources */ = {isa = PBXBuildFile; fileRef = 964E98A52A4CAAD8007AFB4A /* LevelData.swift */; };
		964E98A92A4DC425007AFB4A /* level1.txt in Resources */ = {isa = PBXBuildFile; fileRef = 964E98A82A4DC425007AFB4A /* level1.txt */; };
/* End PBXBuildFile section */

/* Begin PBXFileReference section */
		964E988C2A48925E007AFB4A /* sokoban in swiftui.app */ = {isa = PBXFileReference; explicitFileType = wrapper.application; includeInIndex = 0; path = "sokoban in swiftui.app"; sourceTree = BUILT_PRODUCTS_DIR; };
		964E988F2A48925E007AFB4A /* sokoban_in_swiftuiApp.swift */ = {isa = PBXFileReference; lastKnownFileType = sourcecode.swift; path = sokoban_in_swiftuiApp.swift; sourceTree = "<group>"; };
		964E98912A48925E007AFB4A /* ContentView.swift */ = {isa = PBXFileReference; lastKnownFileType = sourcecode.swift; path = ContentView.swift; sourceTree = "<group>"; };
		964E98932A489260007AFB4A /* Assets.xcassets */ = {isa = PBXFileReference; lastKnownFileType = folder.assetcatalog; path = Assets.xcassets; sourceTree = "<group>"; };
		964E98962A489260007AFB4A /* Preview Assets.xcassets */ = {isa = PBXFileReference; lastKnownFileType = folder.assetcatalog; path = "Preview Assets.xcassets"; sourceTree = "<group>"; };
		964E989D2A4896EE007AFB4A /* Menu.swift */ = {isa = PBXFileReference; lastKnownFileType = sourcecode.swift; path = Menu.swift; sourceTree = "<group>"; };
		964E989F2A49BCDD007AFB4A /* Level.swift */ = {isa = PBXFileReference; lastKnownFileType = sourcecode.swift; path = Level.swift; sourceTree = "<group>"; };
		964E98A12A49E352007AFB4A /* FieldViews.swift */ = {isa = PBXFileReference; lastKnownFileType = sourcecode.swift; path = FieldViews.swift; sourceTree = "<group>"; };
		964E98A32A4CAA98007AFB4A /* loadLevel.swift */ = {isa = PBXFileReference; lastKnownFileType = sourcecode.swift; path = loadLevel.swift; sourceTree = "<group>"; };
		964E98A52A4CAAD8007AFB4A /* LevelData.swift */ = {isa = PBXFileReference; lastKnownFileType = sourcecode.swift; path = LevelData.swift; sourceTree = "<group>"; };
		964E98A82A4DC425007AFB4A /* level1.txt */ = {isa = PBXFileReference; lastKnownFileType = text; path = level1.txt; sourceTree = "<group>"; };
/* End PBXFileReference section */

/* Begin PBXFrameworksBuildPhase section */
		964E98892A48925E007AFB4A /* Frameworks */ = {
			isa = PBXFrameworksBuildPhase;
			buildActionMask = 2147483647;
			files = (
			);
			runOnlyForDeploymentPostprocessing = 0;
		};
/* End PBXFrameworksBuildPhase section */

/* Begin PBXGroup section */
		964E98832A48925E007AFB4A = {
			isa = PBXGroup;
			children = (
				964E988E2A48925E007AFB4A /* sokoban in swiftui */,
				964E988D2A48925E007AFB4A /* Products */,
			);
			sourceTree = "<group>";
		};
		964E988D2A48925E007AFB4A /* Products */ = {
			isa = PBXGroup;
			children = (
				964E988C2A48925E007AFB4A /* sokoban in swiftui.app */,
			);
			name = Products;
			sourceTree = "<group>";
		};
		964E988E2A48925E007AFB4A /* sokoban in swiftui */ = {
			isa = PBXGroup;
			children = (
				964E98A72A4DC3F4007AFB4A /* levels */,
				964E988F2A48925E007AFB4A /* sokoban_in_swiftuiApp.swift */,
				964E98912A48925E007AFB4A /* ContentView.swift */,
				964E98932A489260007AFB4A /* Assets.xcassets */,
				964E98952A489260007AFB4A /* Preview Content */,
				964E989D2A4896EE007AFB4A /* Menu.swift */,
				964E989F2A49BCDD007AFB4A /* Level.swift */,
				964E98A12A49E352007AFB4A /* FieldViews.swift */,
				964E98A32A4CAA98007AFB4A /* loadLevel.swift */,
				964E98A52A4CAAD8007AFB4A /* LevelData.swift */,
			);
			path = "sokoban in swiftui";
			sourceTree = "<group>";
		};
		964E98952A489260007AFB4A /* Preview Content */ = {
			isa = PBXGroup;
			children = (
				964E98962A489260007AFB4A /* Preview Assets.xcassets */,
			);
			path = "Preview Content";
			sourceTree = "<group>";
		};
		964E98A72A4DC3F4007AFB4A /* levels */ = {
			isa = PBXGroup;
			children = (
				964E98A82A4DC425007AFB4A /* level1.txt */,
			);
			path = levels;
			sourceTree = "<group>";
		};
/* End PBXGroup section */

/* Begin PBXNativeTarget section */
		964E988B2A48925E007AFB4A /* sokoban in swiftui */ = {
			isa = PBXNativeTarget;
			buildConfigurationList = 964E989A2A489260007AFB4A /* Build configuration list for PBXNativeTarget "sokoban in swiftui" */;
			buildPhases = (
				964E98882A48925E007AFB4A /* Sources */,
				964E98892A48925E007AFB4A /* Frameworks */,
				964E988A2A48925E007AFB4A /* Resources */,
			);
			buildRules = (
			);
			dependencies = (
			);
			name = "sokoban in swiftui";
			productName = "sokoban in swiftui";
			productReference = 964E988C2A48925E007AFB4A /* sokoban in swiftui.app */;
			productType = "com.apple.product-type.application";
		};
/* End PBXNativeTarget section */

/* Begin PBXProject section */
		964E98842A48925E007AFB4A /* Project object */ = {
			isa = PBXProject;
			attributes = {
				BuildIndependentTargetsInParallel = 1;
				LastSwiftUpdateCheck = 1320;
				LastUpgradeCheck = 1320;
				TargetAttributes = {
					964E988B2A48925E007AFB4A = {
						CreatedOnToolsVersion = 13.2.1;
					};
				};
			};
			buildConfigurationList = 964E98872A48925E007AFB4A /* Build configuration list for PBXProject "sokoban in swiftui" */;
			compatibilityVersion = "Xcode 13.0";
			developmentRegion = en;
			hasScannedForEncodings = 0;
			knownRegions = (
				en,
				Base,
			);
			mainGroup = 964E98832A48925E007AFB4A;
			productRefGroup = 964E988D2A48925E007AFB4A /* Products */;
			projectDirPath = "";
			projectRoot = "";
			targets = (
				964E988B2A48925E007AFB4A /* sokoban in swiftui */,
			);
		};
/* End PBXProject section */

/* Begin PBXResourcesBuildPhase section */
		964E988A2A48925E007AFB4A /* Resources */ = {
			isa = PBXResourcesBuildPhase;
			buildActionMask = 2147483647;
			files = (
				964E98A92A4DC425007AFB4A /* level1.txt in Resources */,
				964E98972A489260007AFB4A /* Preview Assets.xcassets in Resources */,
				964E98942A489260007AFB4A /* Assets.xcassets in Resources */,
			);
			runOnlyForDeploymentPostprocessing = 0;
		};
/* End PBXResourcesBuildPhase section */

/* Begin PBXSourcesBuildPhase section */
		964E98882A48925E007AFB4A /* Sources */ = {
			isa = PBXSourcesBuildPhase;
			buildActionMask = 2147483647;
			files = (
				964E989E2A4896EE007AFB4A /* Menu.swift in Sources */,
				964E98A62A4CAAD8007AFB4A /* LevelData.swift in Sources */,
				964E98A22A49E352007AFB4A /* FieldViews.swift in Sources */,
				964E98922A48925E007AFB4A /* ContentView.swift in Sources */,
				964E98A02A49BCDD007AFB4A /* Level.swift in Sources */,
				964E98A42A4CAA98007AFB4A /* loadLevel.swift in Sources */,
				964E98902A48925E007AFB4A /* sokoban_in_swiftuiApp.swift in Sources */,
			);
			runOnlyForDeploymentPostprocessing = 0;
		};
/* End PBXSourcesBuildPhase section */

/* Begin XCBuildConfiguration section */
		964E98982A489260007AFB4A /* Debug */ = {
			isa = XCBuildConfiguration;
			buildSettings = {
				ALWAYS_SEARCH_USER_PATHS = NO;
				CLANG_ANALYZER_NONNULL = YES;
				CLANG_ANALYZER_NUMBER_OBJECT_CONVERSION = YES_AGGRESSIVE;
				CLANG_CXX_LANGUAGE_STANDARD = "gnu++17";
				CLANG_CXX_LIBRARY = "libc++";
				CLANG_ENABLE_MODULES = YES;
				CLANG_ENABLE_OBJC_ARC = YES;
				CLANG_ENABLE_OBJC_WEAK = YES;
				CLANG_WARN_BLOCK_CAPTURE_AUTORELEASING = YES;
				CLANG_WARN_BOOL_CONVERSION = YES;
				CLANG_WARN_COMMA = YES;
				CLANG_WARN_CONSTANT_CONVERSION = YES;
				CLANG_WARN_DEPRECATED_OBJC_IMPLEMENTATIONS = YES;
				CLANG_WARN_DIRECT_OBJC_ISA_USAGE = YES_ERROR;
				CLANG_WARN_DOCUMENTATION_COMMENTS = YES;
				CLANG_WARN_EMPTY_BODY = YES;
				CLANG_WARN_ENUM_CONVERSION = YES;
				CLANG_WARN_INFINITE_RECURSION = YES;
				CLANG_WARN_INT_CONVERSION = YES;
				CLANG_WARN_NON_LITERAL_NULL_CONVERSION = YES;
				CLANG_WARN_OBJC_IMPLICIT_RETAIN_SELF = YES;
				CLANG_WARN_OBJC_LITERAL_CONVERSION = YES;
				CLANG_WARN_OBJC_ROOT_CLASS = YES_ERROR;
				CLANG_WARN_QUOTED_INCLUDE_IN_FRAMEWORK_HEADER = YES;
				CLANG_WARN_RANGE_LOOP_ANALYSIS = YES;
				CLANG_WARN_STRICT_PROTOTYPES = YES;
				CLANG_WARN_SUSPICIOUS_MOVE = YES;
				CLANG_WARN_UNGUARDED_AVAILABILITY = YES_AGGRESSIVE;
				CLANG_WARN_UNREACHABLE_CODE = YES;
				CLANG_WARN__DUPLICATE_METHOD_MATCH = YES;
				COPY_PHASE_STRIP = NO;
				DEBUG_INFORMATION_FORMAT = dwarf;
				ENABLE_STRICT_OBJC_MSGSEND = YES;
				ENABLE_TESTABILITY = YES;
				GCC_C_LANGUAGE_STANDARD = gnu11;
				GCC_DYNAMIC_NO_PIC = NO;
				GCC_NO_COMMON_BLOCKS = YES;
				GCC_OPTIMIZATION_LEVEL = 0;
				GCC_PREPROCESSOR_DEFINITIONS = (
					"DEBUG=1",
					"$(inherited)",
				);
				GCC_WARN_64_TO_32_BIT_CONVERSION = YES;
				GCC_WARN_ABOUT_RETURN_TYPE = YES_ERROR;
				GCC_WARN_UNDECLARED_SELECTOR = YES;
				GCC_WARN_UNINITIALIZED_AUTOS = YES_AGGRESSIVE;
				GCC_WARN_UNUSED_FUNCTION = YES;
				GCC_WARN_UNUSED_VARIABLE = YES;
				IPHONEOS_DEPLOYMENT_TARGET = 15.2;
				MTL_ENABLE_DEBUG_INFO = INCLUDE_SOURCE;
				MTL_FAST_MATH = YES;
				ONLY_ACTIVE_ARCH = YES;
				SDKROOT = iphoneos;
				SWIFT_ACTIVE_COMPILATION_CONDITIONS = DEBUG;
				SWIFT_OPTIMIZATION_LEVEL = "-Onone";
			};
			name = Debug;
		};
		964E98992A489260007AFB4A /* Release */ = {
			isa = XCBuildConfiguration;
			buildSettings = {
				ALWAYS_SEARCH_USER_PATHS = NO;
				CLANG_ANALYZER_NONNULL = YES;
				CLANG_ANALYZER_NUMBER_OBJECT_CONVERSION = YES_AGGRESSIVE;
				CLANG_CXX_LANGUAGE_STANDARD = "gnu++17";
				CLANG_CXX_LIBRARY = "libc++";
				CLANG_ENABLE_MODULES = YES;
				CLANG_ENABLE_OBJC_ARC = YES;
				CLANG_ENABLE_OBJC_WEAK = YES;
				CLANG_WARN_BLOCK_CAPTURE_AUTORELEASING = YES;
				CLANG_WARN_BOOL_CONVERSION = YES;
				CLANG_WARN_COMMA = YES;
				CLANG_WARN_CONSTANT_CONVERSION = YES;
				CLANG_WARN_DEPRECATED_OBJC_IMPLEMENTATIONS = YES;
				CLANG_WARN_DIRECT_OBJC_ISA_USAGE = YES_ERROR;
				CLANG_WARN_DOCUMENTATION_COMMENTS = YES;
				CLANG_WARN_EMPTY_BODY = YES;
				CLANG_WARN_ENUM_CONVERSION = YES;
				CLANG_WARN_INFINITE_RECURSION = YES;
				CLANG_WARN_INT_CONVERSION = YES;
				CLANG_WARN_NON_LITERAL_NULL_CONVERSION = YES;
				CLANG_WARN_OBJC_IMPLICIT_RETAIN_SELF = YES;
				CLANG_WARN_OBJC_LITERAL_CONVERSION = YES;
				CLANG_WARN_OBJC_ROOT_CLASS = YES_ERROR;
				CLANG_WARN_QUOTED_INCLUDE_IN_FRAMEWORK_HEADER = YES;
				CLANG_WARN_RANGE_LOOP_ANALYSIS = YES;
				CLANG_WARN_STRICT_PROTOTYPES = YES;
				CLANG_WARN_SUSPICIOUS_MOVE = YES;
				CLANG_WARN_UNGUARDED_AVAILABILITY = YES_AGGRESSIVE;
				CLANG_WARN_UNREACHABLE_CODE = YES;
				CLANG_WARN__DUPLICATE_METHOD_MATCH = YES;
				COPY_PHASE_STRIP = NO;
				DEBUG_INFORMATION_FORMAT = "dwarf-with-dsym";
				ENABLE_NS_ASSERTIONS = NO;
				ENABLE_STRICT_OBJC_MSGSEND = YES;
				GCC_C_LANGUAGE_STANDARD = gnu11;
				GCC_NO_COMMON_BLOCKS = YES;
				GCC_WARN_64_TO_32_BIT_CONVERSION = YES;
				GCC_WARN_ABOUT_RETURN_TYPE = YES_ERROR;
				GCC_WARN_UNDECLARED_SELECTOR = YES;
				GCC_WARN_UNINITIALIZED_AUTOS = YES_AGGRESSIVE;
				GCC_WARN_UNUSED_FUNCTION = YES;
				GCC_WARN_UNUSED_VARIABLE = YES;
				IPHONEOS_DEPLOYMENT_TARGET = 15.2;
				MTL_ENABLE_DEBUG_INFO = NO;
				MTL_FAST_MATH = YES;
				SDKROOT = iphoneos;
				SWIFT_COMPILATION_MODE = wholemodule;
				SWIFT_OPTIMIZATION_LEVEL = "-O";
				VALIDATE_PRODUCT = YES;
			};
			name = Release;
		};
		964E989B2A489260007AFB4A /* Debug */ = {
			isa = XCBuildConfiguration;
			buildSettings = {
				ASSETCATALOG_COMPILER_APPICON_NAME = AppIcon;
				ASSETCATALOG_COMPILER_GLOBAL_ACCENT_COLOR_NAME = AccentColor;
				CODE_SIGN_STYLE = Automatic;
				CURRENT_PROJECT_VERSION = 1;
				DEVELOPMENT_ASSET_PATHS = "\"sokoban in swiftui/Preview Content\"";
				DEVELOPMENT_TEAM = 327TCYU8D4;
				ENABLE_PREVIEWS = YES;
				GENERATE_INFOPLIST_FILE = YES;
				INFOPLIST_KEY_UIApplicationSceneManifest_Generation = YES;
				INFOPLIST_KEY_UIApplicationSupportsIndirectInputEvents = YES;
				INFOPLIST_KEY_UILaunchScreen_Generation = YES;
				INFOPLIST_KEY_UISupportedInterfaceOrientations_iPad = "UIInterfaceOrientationPortrait UIInterfaceOrientationPortraitUpsideDown UIInterfaceOrientationLandscapeLeft UIInterfaceOrientationLandscapeRight";
				INFOPLIST_KEY_UISupportedInterfaceOrientations_iPhone = "UIInterfaceOrientationPortrait UIInterfaceOrientationLandscapeLeft UIInterfaceOrientationLandscapeRight";
				LD_RUNPATH_SEARCH_PATHS = (
					"$(inherited)",
					"@executable_path/Frameworks",
				);
				MARKETING_VERSION = 1.0;
				PRODUCT_BUNDLE_IDENTIFIER = "at.yeoman.sokoban-in-swiftui";
				PRODUCT_NAME = "$(TARGET_NAME)";
				SWIFT_EMIT_LOC_STRINGS = YES;
				SWIFT_VERSION = 5.0;
				TARGETED_DEVICE_FAMILY = "1,2";
			};
			name = Debug;
		};
		964E989C2A489260007AFB4A /* Release */ = {
			isa = XCBuildConfiguration;
			buildSettings = {
				ASSETCATALOG_COMPILER_APPICON_NAME = AppIcon;
				ASSETCATALOG_COMPILER_GLOBAL_ACCENT_COLOR_NAME = AccentColor;
				CODE_SIGN_STYLE = Automatic;
				CURRENT_PROJECT_VERSION = 1;
				DEVELOPMENT_ASSET_PATHS = "\"sokoban in swiftui/Preview Content\"";
				DEVELOPMENT_TEAM = 327TCYU8D4;
				ENABLE_PREVIEWS = YES;
				GENERATE_INFOPLIST_FILE = YES;
				INFOPLIST_KEY_UIApplicationSceneManifest_Generation = YES;
				INFOPLIST_KEY_UIApplicationSupportsIndirectInputEvents = YES;
				INFOPLIST_KEY_UILaunchScreen_Generation = YES;
				INFOPLIST_KEY_UISupportedInterfaceOrientations_iPad = "UIInterfaceOrientationPortrait UIInterfaceOrientationPortraitUpsideDown UIInterfaceOrientationLandscapeLeft UIInterfaceOrientationLandscapeRight";
				INFOPLIST_KEY_UISupportedInterfaceOrientations_iPhone = "UIInterfaceOrientationPortrait UIInterfaceOrientationLandscapeLeft UIInterfaceOrientationLandscapeRight";
				LD_RUNPATH_SEARCH_PATHS = (
					"$(inherited)",
					"@executable_path/Frameworks",
				);
				MARKETING_VERSION = 1.0;
				PRODUCT_BUNDLE_IDENTIFIER = "at.yeoman.sokoban-in-swiftui";
				PRODUCT_NAME = "$(TARGET_NAME)";
				SWIFT_EMIT_LOC_STRINGS = YES;
				SWIFT_VERSION = 5.0;
				TARGETED_DEVICE_FAMILY = "1,2";
			};
			name = Release;
		};
/* End XCBuildConfiguration section */

/* Begin XCConfigurationList section */
		964E98872A48925E007AFB4A /* Build configuration list for PBXProject "sokoban in swiftui" */ = {
			isa = XCConfigurationList;
			buildConfigurations = (
				964E98982A489260007AFB4A /* Debug */,
				964E98992A489260007AFB4A /* Release */,
			);
			defaultConfigurationIsVisible = 0;
			defaultConfigurationName = Release;
		};
		964E989A2A489260007AFB4A /* Build configuration list for PBXNativeTarget "sokoban in swiftui" */ = {
			isa = XCConfigurationList;
			buildConfigurations = (
				964E989B2A489260007AFB4A /* Debug */,
				964E989C2A489260007AFB4A /* Release */,
			);
			defaultConfigurationIsVisible = 0;
			defaultConfigurationName = Release;
		};
/* End XCConfigurationList section */
	};
	rootObject = 964E98842A48925E007AFB4A /* Project object */;
}
